
Microsoft Visual Studio Solution File, Format Version 12.00
# Visual Studio Version 16
VisualStudioVersion = 16.0.30717.126
MinimumVisualStudioVersion = 10.0.40219.1
Project("{8BC9CEB8-8B4A-11D0-8D11-00A0C91BC942}") = "r为3的球的体积和表面积", "r为3的球的体积和表面积\r为3的球的体积和表面积.vcxproj", "{BCECF036-39EE-448B-AD04-130051253AC7}"
EndProject
Project("{8BC9CEB8-8B4A-11D0-8D11-00A0C91BC942}") = "阶乘", "阶乘\阶乘.vcxproj", "{963A9C6B-4C1C-447F-8E2C-ADC1031345F2}"
EndProject
Project("{8BC9CEB8-8B4A-11D0-8D11-00A0C91BC942}") = "判断闰年", "判断闰年\判断闰年.vcxproj", "{406E60D4-1476-4D56-B3FD-F2B94BF46BED}"
EndProject
Project("{8BC9CEB8-8B4A-11D0-8D11-00A0C91BC942}") = "判断素数", "判断素数\判断素数.vcxproj", "{EE70EBBB-86C7-431C-80F4-4A076E071904}"
EndProject
Project("{8BC9CEB8-8B4A-11D0-8D11-00A0C91BC942}") = "1000以内素数", "1000以内素数\1000以内素数.vcxproj", "{C859892C-04A2-456A-BD61-F7D5CC988027}"
EndProject
Project("{8BC9CEB8-8B4A-11D0-8D11-00A0C91BC942}") = "辗转相除法", "辗转相除法\辗转相除法.vcxproj", "{4636C6FD-DB1A-4BF5-8361-BC6417B2CD63}"
EndProject
Project("{8BC9CEB8-8B4A-11D0-8D11-00A0C91BC942}") = "水仙花数", "水仙花数\水仙花数.vcxproj", "{F5F4A55B-1722-4F8F-9C36-9A31AED664A9}"
EndProject
Project("{8BC9CEB8-8B4A-11D0-8D11-00A0C91BC942}") = "百钱买百鸡", "百钱买百鸡\百钱买百鸡.vcxproj", "{8E35ED5F-B3F0-4F44-91DB-83E5C99DD9A8}"
EndProject
Project("{8BC9CEB8-8B4A-11D0-8D11-00A0C91BC942}") = "斐波那契数列", "斐波那契数列\斐波那契数列.vcxproj", "{963B230D-C28F-4077-B873-325800DE5FBB}"
EndProject
Global
	GlobalSection(SolutionConfigurationPlatforms) = preSolution
		Debug|x64 = Debug|x64
		Debug|x86 = Debug|x86
		Release|x64 = Release|x64
		Release|x86 = Release|x86
	EndGlobalSection
	GlobalSection(ProjectConfigurationPlatforms) = postSolution
		{BCECF036-39EE-448B-AD04-130051253AC7}.Debug|x64.ActiveCfg = Debug|x64
		{BCECF036-39EE-448B-AD04-130051253AC7}.Debug|x64.Build.0 = Debug|x64
		{BCECF036-39EE-448B-AD04-130051253AC7}.Debug|x86.ActiveCfg = Debug|Win32
		{BCECF036-39EE-448B-AD04-130051253AC7}.Debug|x86.Build.0 = Debug|Win32
		{BCECF036-39EE-448B-AD04-130051253AC7}.Release|x64.ActiveCfg = Release|x64
		{BCECF036-39EE-448B-AD04-130051253AC7}.Release|x64.Build.0 = Release|x64
		{BCECF036-39EE-448B-AD04-130051253AC7}.Release|x86.ActiveCfg = Release|Win32
		{BCECF036-39EE-448B-AD04-130051253AC7}.Release|x86.Build.0 = Release|Win32
		{963A9C6B-4C1C-447F-8E2C-ADC1031345F2}.Debug|x64.ActiveCfg = Debug|x64
		{963A9C6B-4C1C-447F-8E2C-ADC1031345F2}.Debug|x64.Build.0 = Debug|x64
		{963A9C6B-4C1C-447F-8E2C-ADC1031345F2}.Debug|x86.ActiveCfg = Debug|Win32
		{963A9C6B-4C1C-447F-8E2C-ADC1031345F2}.Debug|x86.Build.0 = Debug|Win32
		{963A9C6B-4C1C-447F-8E2C-ADC1031345F2}.Release|x64.ActiveCfg = Release|x64
		{963A9C6B-4C1C-447F-8E2C-ADC1031345F2}.Release|x64.Build.0 = Release|x64
		{963A9C6B-4C1C-447F-8E2C-ADC1031345F2}.Release|x86.ActiveCfg = Release|Win32
		{963A9C6B-4C1C-447F-8E2C-ADC1031345F2}.Release|x86.Build.0 = Release|Win32
		{406E60D4-1476-4D56-B3FD-F2B94BF46BED}.Debug|x64.ActiveCfg = Debug|x64
		{406E60D4-1476-4D56-B3FD-F2B94BF46BED}.Debug|x64.Build.0 = Debug|x64
		{406E60D4-1476-4D56-B3FD-F2B94BF46BED}.Debug|x86.ActiveCfg = Debug|Win32
		{406E60D4-1476-4D56-B3FD-F2B94BF46BED}.Debug|x86.Build.0 = Debug|Win32
		{406E60D4-1476-4D56-B3FD-F2B94BF46BED}.Release|x64.ActiveCfg = Release|x64
		{406E60D4-1476-4D56-B3FD-F2B94BF46BED}.Release|x64.Build.0 = Release|x64
		{406E60D4-1476-4D56-B3FD-F2B94BF46BED}.Release|x86.ActiveCfg = Release|Win32
		{406E60D4-1476-4D56-B3FD-F2B94BF46BED}.Release|x86.Build.0 = Release|Win32
		{EE70EBBB-86C7-431C-80F4-4A076E071904}.Debug|x64.ActiveCfg = Debug|x64
		{EE70EBBB-86C7-431C-80F4-4A076E071904}.Debug|x64.Build.0 = Debug|x64
		{EE70EBBB-86C7-431C-80F4-4A076E071904}.Debug|x86.ActiveCfg = Debug|Win32
		{EE70EBBB-86C7-431C-80F4-4A076E071904}.Debug|x86.Build.0 = Debug|Win32
		{EE70EBBB-86C7-431C-80F4-4A076E071904}.Release|x64.ActiveCfg = Release|x64
		{EE70EBBB-86C7-431C-80F4-4A076E071904}.Release|x64.Build.0 = Release|x64
		{EE70EBBB-86C7-431C-80F4-4A076E071904}.Release|x86.ActiveCfg = Release|Win32
		{EE70EBBB-86C7-431C-80F4-4A076E071904}.Release|x86.Build.0 = Release|Win32
		{C859892C-04A2-456A-BD61-F7D5CC988027}.Debug|x64.ActiveCfg = Debug|x64
		{C859892C-04A2-456A-BD61-F7D5CC988027}.Debug|x64.Build.0 = Debug|x64
		{C859892C-04A2-456A-BD61-F7D5CC988027}.Debug|x86.ActiveCfg = Debug|Win32
		{C859892C-04A2-456A-BD61-F7D5CC988027}.Debug|x86.Build.0 = Debug|Win32
		{C859892C-04A2-456A-BD61-F7D5CC988027}.Release|x64.ActiveCfg = Release|x64
		{C859892C-04A2-456A-BD61-F7D5CC988027}.Release|x64.Build.0 = Release|x64
		{C859892C-04A2-456A-BD61-F7D5CC988027}.Release|x86.ActiveCfg = Release|Win32
		{C859892C-04A2-456A-BD61-F7D5CC988027}.Release|x86.Build.0 = Release|Win32
		{4636C6FD-DB1A-4BF5-8361-BC6417B2CD63}.Debug|x64.ActiveCfg = Debug|x64
		{4636C6FD-DB1A-4BF5-8361-BC6417B2CD63}.Debug|x64.Build.0 = Debug|x64
		{4636C6FD-DB1A-4BF5-8361-BC6417B2CD63}.Debug|x86.ActiveCfg = Debug|Win32
		{4636C6FD-DB1A-4BF5-8361-BC6417B2CD63}.Debug|x86.Build.0 = Debug|Win32
		{4636C6FD-DB1A-4BF5-8361-BC6417B2CD63}.Release|x64.ActiveCfg = Release|x64
		{4636C6FD-DB1A-4BF5-8361-BC6417B2CD63}.Release|x64.Build.0 = Release|x64
		{4636C6FD-DB1A-4BF5-8361-BC6417B2CD63}.Release|x86.ActiveCfg = Release|Win32
		{4636C6FD-DB1A-4BF5-8361-BC6417B2CD63}.Release|x86.Build.0 = Release|Win32
		{F5F4A55B-1722-4F8F-9C36-9A31AED664A9}.Debug|x64.ActiveCfg = Debug|x64
		{F5F4A55B-1722-4F8F-9C36-9A31AED664A9}.Debug|x64.Build.0 = Debug|x64
		{F5F4A55B-1722-4F8F-9C36-9A31AED664A9}.Debug|x86.ActiveCfg = Debug|Win32
		{F5F4A55B-1722-4F8F-9C36-9A31AED664A9}.Debug|x86.Build.0 = Debug|Win32
		{F5F4A55B-1722-4F8F-9C36-9A31AED664A9}.Release|x64.ActiveCfg = Release|x64
		{F5F4A55B-1722-4F8F-9C36-9A31AED664A9}.Release|x64.Build.0 = Release|x64
		{F5F4A55B-1722-4F8F-9C36-9A31AED664A9}.Release|x86.ActiveCfg = Release|Win32
		{F5F4A55B-1722-4F8F-9C36-9A31AED664A9}.Release|x86.Build.0 = Release|Win32
		{8E35ED5F-B3F0-4F44-91DB-83E5C99DD9A8}.Debug|x64.ActiveCfg = Debug|x64
		{8E35ED5F-B3F0-4F44-91DB-83E5C99DD9A8}.Debug|x64.Build.0 = Debug|x64
		{8E35ED5F-B3F0-4F44-91DB-83E5C99DD9A8}.Debug|x86.ActiveCfg = Debug|Win32
		{8E35ED5F-B3F0-4F44-91DB-83E5C99DD9A8}.Debug|x86.Build.0 = Debug|Win32
		{8E35ED5F-B3F0-4F44-91DB-83E5C99DD9A8}.Release|x64.ActiveCfg = Release|x64
		{8E35ED5F-B3F0-4F44-91DB-83E5C99DD9A8}.Release|x64.Build.0 = Release|x64
		{8E35ED5F-B3F0-4F44-91DB-83E5C99DD9A8}.Release|x86.ActiveCfg = Release|Win32
		{8E35ED5F-B3F0-4F44-91DB-83E5C99DD9A8}.Release|x86.Build.0 = Release|Win32
		{963B230D-C28F-4077-B873-325800DE5FBB}.Debug|x64.ActiveCfg = Debug|x64
		{963B230D-C28F-4077-B873-325800DE5FBB}.Debug|x64.Build.0 = Debug|x64
		{963B230D-C28F-4077-B873-325800DE5FBB}.Debug|x86.ActiveCfg = Debug|Win32
		{963B230D-C28F-4077-B873-325800DE5FBB}.Debug|x86.Build.0 = Debug|Win32
		{963B230D-C28F-4077-B873-325800DE5FBB}.Release|x64.ActiveCfg = Release|x64
		{963B230D-C28F-4077-B873-325800DE5FBB}.Release|x64.Build.0 = Release|x64
		{963B230D-C28F-4077-B873-325800DE5FBB}.Release|x86.ActiveCfg = Release|Win32
		{963B230D-C28F-4077-B873-325800DE5FBB}.Release|x86.Build.0 = Release|Win32
	EndGlobalSection
	GlobalSection(SolutionProperties) = preSolution
		HideSolutionNode = FALSE
	EndGlobalSection
	GlobalSection(ExtensibilityGlobals) = postSolution
		SolutionGuid = {D64802BF-91A2-47D9-88C2-74492137FB45}
	EndGlobalSection
EndGlobal
